# This file was autogenerated by Stack.
# You should not edit this file by hand.
# For more information, please see the documentation at:
#   https://docs.haskellstack.org/en/stable/topics/lock_files

packages:
- completed:
    hackage: mtl-2.3.1@sha256:5badb3e5b6e8e2bb5d32392ed1748231fb02e944c2247f4041a32ae8e8b75605,1799
    pantry-tree:
      size: 638
      sha256: 7a39c2592bcecf5e64b67d863e074a4b2eb6e2eb38ed5a3a37e25fa4ed11e6dc
  original:
    hackage: mtl-2.3.1
snapshots:
- completed:
    sha256: 5a59b2a405b3aba3c00188453be172b85893cab8ebc352b1ef58b0eae5d248a2
    size: 650475
    url: https://raw.githubusercontent.com/commercialhaskell/stackage-snapshots/master/lts/22/33.yaml
  original: lts-22.33
